// !$*UTF8*$!
{
	archiveVersion = 1;
	classes = {
	};
	objectVersion = 46;
	objects = {

/* Begin PBXBuildFile section */
		05EB7DEB1C854AC4003FD90A /* main.m in Sources */ = {isa = PBXBuildFile; fileRef = 05EB7DEA1C854AC4003FD90A /* main.m */; };
		05EB7DEE1C854AC4003FD90A /* AppDelegate.m in Sources */ = {isa = PBXBuildFile; fileRef = 05EB7DED1C854AC4003FD90A /* AppDelegate.m */; };
		05EB7DF11C854AC4003FD90A /* ViewController.m in Sources */ = {isa = PBXBuildFile; fileRef = 05EB7DF01C854AC4003FD90A /* ViewController.m */; };
		05EB7DF41C854AC4003FD90A /* Main.storyboard in Resources */ = {isa = PBXBuildFile; fileRef = 05EB7DF21C854AC4003FD90A /* Main.storyboard */; };
		05EB7DF61C854AC4003FD90A /* Assets.xcassets in Resources */ = {isa = PBXBuildFile; fileRef = 05EB7DF51C854AC4003FD90A /* Assets.xcassets */; };
		05EB7DF91C854AC4003FD90A /* LaunchScreen.storyboard in Resources */ = {isa = PBXBuildFile; fileRef = 05EB7DF71C854AC4003FD90A /* LaunchScreen.storyboard */; };
		05EB7E041C854AC4003FD90A /* GITText2Tests.m in Sources */ = {isa = PBXBuildFile; fileRef = 05EB7E031C854AC4003FD90A /* GITText2Tests.m */; };
		05EB7E0F1C854AC4003FD90A /* GITText2UITests.m in Sources */ = {isa = PBXBuildFile; fileRef = 05EB7E0E1C854AC4003FD90A /* GITText2UITests.m */; };
/* End PBXBuildFile section */

/* Begin PBXContainerItemProxy section */
		05EB7E001C854AC4003FD90A /* PBXContainerItemProxy */ = {
			isa = PBXContainerItemProxy;
			containerPortal = 05EB7DDE1C854AC4003FD90A /* Project object */;
			proxyType = 1;
			remoteGlobalIDString = 05EB7DE51C854AC4003FD90A;
			remoteInfo = GITText2;
		};
		05EB7E0B1C854AC4003FD90A /* PBXContainerItemProxy */ = {
			isa = PBXContainerItemProxy;
			containerPortal = 05EB7DDE1C854AC4003FD90A /* Project object */;
			proxyType = 1;
			remoteGlobalIDString = 05EB7DE51C854AC4003FD90A;
			remoteInfo = GITText2;
		};
/* End PBXContainerItemProxy section */

/* Begin PBXFileReference section */
		05EB7DE61C854AC4003FD90A /* GITText2.app */ = {isa = PBXFileReference; explicitFileType = wrapper.application; includeInIndex = 0; path = GITText2.app; sourceTree = BUILT_PRODUCTS_DIR; };
		05EB7DEA1C854AC4003FD90A /* main.m */ = {isa = PBXFileReference; lastKnownFileType = sourcecode.c.objc; path = main.m; sourceTree = "<group>"; };
		05EB7DEC1C854AC4003FD90A /* AppDelegate.h */ = {isa = PBXFileReference; lastKnownFileType = sourcecode.c.h; path = AppDelegate.h; sourceTree = "<group>"; };
		05EB7DED1C854AC4003FD90A /* AppDelegate.m */ = {isa = PBXFileReference; lastKnownFileType = sourcecode.c.objc; path = AppDelegate.m; sourceTree = "<group>"; };
		05EB7DEF1C854AC4003FD90A /* ViewController.h */ = {isa = PBXFileReference; lastKnownFileType = sourcecode.c.h; path = ViewController.h; sourceTree = "<group>"; };
		05EB7DF01C854AC4003FD90A /* ViewController.m */ = {isa = PBXFileReference; lastKnownFileType = sourcecode.c.objc; path = ViewController.m; sourceTree = "<group>"; };
		05EB7DF31C854AC4003FD90A /* Base */ = {isa = PBXFileReference; lastKnownFileType = file.storyboard; name = Base; path = Base.lproj/Main.storyboard; sourceTree = "<group>"; };
		05EB7DF51C854AC4003FD90A /* Assets.xcassets */ = {isa = PBXFileReference; lastKnownFileType = folder.assetcatalog; path = Assets.xcassets; sourceTree = "<group>"; };
		05EB7DF81C854AC4003FD90A /* Base */ = {isa = PBXFileReference; lastKnownFileType = file.storyboard; name = Base; path = Base.lproj/LaunchScreen.storyboard; sourceTree = "<group>"; };
		05EB7DFA1C854AC4003FD90A /* Info.plist */ = {isa = PBXFileReference; lastKnownFileType = text.plist.xml; path = Info.plist; sourceTree = "<group>"; };
		05EB7DFF1C854AC4003FD90A /* GITText2Tests.xctest */ = {isa = PBXFileReference; explicitFileType = wrapper.cfbundle; includeInIndex = 0; path = GITText2Tests.xctest; sourceTree = BUILT_PRODUCTS_DIR; };
		05EB7E031C854AC4003FD90A /* GITText2Tests.m */ = {isa = PBXFileReference; lastKnownFileType = sourcecode.c.objc; path = GITText2Tests.m; sourceTree = "<group>"; };
		05EB7E051C854AC4003FD90A /* Info.plist */ = {isa = PBXFileReference; lastKnownFileType = text.plist.xml; path = Info.plist; sourceTree = "<group>"; };
		05EB7E0A1C854AC4003FD90A /* GITText2UITests.xctest */ = {isa = PBXFileReference; explicitFileType = wrapper.cfbundle; includeInIndex = 0; path = GITText2UITests.xctest; sourceTree = BUILT_PRODUCTS_DIR; };
		05EB7E0E1C854AC4003FD90A /* GITText2UITests.m */ = {isa = PBXFileReference; lastKnownFileType = sourcecode.c.objc; path = GITText2UITests.m; sourceTree = "<group>"; };
		05EB7E101C854AC4003FD90A /* Info.plist */ = {isa = PBXFileReference; lastKnownFileType = text.plist.xml; path = Info.plist; sourceTree = "<group>"; };
/* End PBXFileReference section */

/* Begin PBXFrameworksBuildPhase section */
		05EB7DE31C854AC4003FD90A /* Frameworks */ = {
			isa = PBXFrameworksBuildPhase;
			buildActionMask = 2147483647;
			files = (
			);
			runOnlyForDeploymentPostprocessing = 0;
		};
		05EB7DFC1C854AC4003FD90A /* Frameworks */ = {
			isa = PBXFrameworksBuildPhase;
			buildActionMask = 2147483647;
			files = (
			);
			runOnlyForDeploymentPostprocessing = 0;
		};
		05EB7E071C854AC4003FD90A /* Frameworks */ = {
			isa = PBXFrameworksBuildPhase;
			buildActionMask = 2147483647;
			files = (
			);
			runOnlyForDeploymentPostprocessing = 0;
		};
/* End PBXFrameworksBuildPhase section */

/* Begin PBXGroup section */
		05EB7DDD1C854AC4003FD90A = {
			isa = PBXGroup;
			children = (
				05EB7DE81C854AC4003FD90A /* GITText2 */,
				05EB7E021C854AC4003FD90A /* GITText2Tests */,
				05EB7E0D1C854AC4003FD90A /* GITText2UITests */,
				05EB7DE71C854AC4003FD90A /* Products */,
			);
			sourceTree = "<group>";
		};
		05EB7DE71C854AC4003FD90A /* Products */ = {
			isa = PBXGroup;
			children = (
				05EB7DE61C854AC4003FD90A /* GITText2.app */,
				05EB7DFF1C854AC4003FD90A /* GITText2Tests.xctest */,
				05EB7E0A1C854AC4003FD90A /* GITText2UITests.xctest */,
			);
			name = Products;
			sourceTree = "<group>";
		};
		05EB7DE81C854AC4003FD90A /* GITText2 */ = {
			isa = PBXGroup;
			children = (
				05EB7DEC1C854AC4003FD90A /* AppDelegate.h */,
				05EB7DED1C854AC4003FD90A /* AppDelegate.m */,
				05EB7DEF1C854AC4003FD90A /* ViewController.h */,
				05EB7DF01C854AC4003FD90A /* ViewController.m */,
				05EB7DF21C854AC4003FD90A /* Main.storyboard */,
				05EB7DF51C854AC4003FD90A /* Assets.xcassets */,
				05EB7DF71C854AC4003FD90A /* LaunchScreen.storyboard */,
				05EB7DFA1C854AC4003FD90A /* Info.plist */,
				05EB7DE91C854AC4003FD90A /* Supporting Files */,
			);
			path = GITText2;
			sourceTree = "<group>";
		};
		05EB7DE91C854AC4003FD90A /* Supporting Files */ = {
			isa = PBXGroup;
			children = (
				05EB7DEA1C854AC4003FD90A /* main.m */,
			);
			name = "Supporting Files";
			sourceTree = "<group>";
		};
		05EB7E021C854AC4003FD90A /* GITText2Tests */ = {
			isa = PBXGroup;
			children = (
				05EB7E031C854AC4003FD90A /* GITText2Tests.m */,
				05EB7E051C854AC4003FD90A /* Info.plist */,
			);
			path = GITText2Tests;
			sourceTree = "<group>";
		};
		05EB7E0D1C854AC4003FD90A /* GITText2UITests */ = {
			isa = PBXGroup;
			children = (
				05EB7E0E1C854AC4003FD90A /* GITText2UITests.m */,
				05EB7E101C854AC4003FD90A /* Info.plist */,
			);
			path = GITText2UITests;
			sourceTree = "<group>";
		};
/* End PBXGroup section */

/* Begin PBXNativeTarget section */
		05EB7DE51C854AC4003FD90A /* GITText2 */ = {
			isa = PBXNativeTarget;
			buildConfigurationList = 05EB7E131C854AC4003FD90A /* Build configuration list for PBXNativeTarget "GITText2" */;
			buildPhases = (
				05EB7DE21C854AC4003FD90A /* Sources */,
				05EB7DE31C854AC4003FD90A /* Frameworks */,
				05EB7DE41C854AC4003FD90A /* Resources */,
			);
			buildRules = (
			);
			dependencies = (
			);
			name = GITText2;
			productName = GITText2;
			productReference = 05EB7DE61C854AC4003FD90A /* GITText2.app */;
			productType = "com.apple.product-type.application";
		};
		05EB7DFE1C854AC4003FD90A /* GITText2Tests */ = {
			isa = PBXNativeTarget;
			buildConfigurationList = 05EB7E161C854AC4003FD90A /* Build configuration list for PBXNativeTarget "GITText2Tests" */;
			buildPhases = (
				05EB7DFB1C854AC4003FD90A /* Sources */,
				05EB7DFC1C854AC4003FD90A /* Frameworks */,
				05EB7DFD1C854AC4003FD90A /* Resources */,
			);
			buildRules = (
			);
			dependencies = (
				05EB7E011C854AC4003FD90A /* PBXTargetDependency */,
			);
			name = GITText2Tests;
			productName = GITText2Tests;
			productReference = 05EB7DFF1C854AC4003FD90A /* GITText2Tests.xctest */;
			productType = "com.apple.product-type.bundle.unit-test";
		};
		05EB7E091C854AC4003FD90A /* GITText2UITests */ = {
			isa = PBXNativeTarget;
			buildConfigurationList = 05EB7E191C854AC4003FD90A /* Build configuration list for PBXNativeTarget "GITText2UITests" */;
			buildPhases = (
				05EB7E061C854AC4003FD90A /* Sources */,
				05EB7E071C854AC4003FD90A /* Frameworks */,
				05EB7E081C854AC4003FD90A /* Resources */,
			);
			buildRules = (
			);
			dependencies = (
				05EB7E0C1C854AC4003FD90A /* PBXTargetDependency */,
			);
			name = GITText2UITests;
			productName = GITText2UITests;
			productReference = 05EB7E0A1C854AC4003FD90A /* GITText2UITests.xctest */;
			productType = "com.apple.product-type.bundle.ui-testing";
		};
/* End PBXNativeTarget section */

/* Begin PBXProject section */
		05EB7DDE1C854AC4003FD90A /* Project object */ = {
			isa = PBXProject;
			attributes = {
				LastUpgradeCheck = 0720;
				ORGANIZATIONNAME = "马国龙";
				TargetAttributes = {
					05EB7DE51C854AC4003FD90A = {
						CreatedOnToolsVersion = 7.2.1;
						DevelopmentTeam = HPX6HN2N5Q;
					};
					05EB7DFE1C854AC4003FD90A = {
						CreatedOnToolsVersion = 7.2.1;
						DevelopmentTeam = HPX6HN2N5Q;
						TestTargetID = 05EB7DE51C854AC4003FD90A;
					};
					05EB7E091C854AC4003FD90A = {
						CreatedOnToolsVersion = 7.2.1;
						DevelopmentTeam = HPX6HN2N5Q;
						TestTargetID = 05EB7DE51C854AC4003FD90A;
					};
				};
			};
			buildConfigurationList = 05EB7DE11C854AC4003FD90A /* Build configuration list for PBXProject "GITText2" */;
			compatibilityVersion = "Xcode 3.2";
			developmentRegion = English;
			hasScannedForEncodings = 0;
			knownRegions = (
				en,
				Base,
			);
			mainGroup = 05EB7DDD1C854AC4003FD90A;
			productRefGroup = 05EB7DE71C854AC4003FD90A /* Products */;
			projectDirPath = "";
			projectRoot = "";
			targets = (
				05EB7DE51C854AC4003FD90A /* GITText2 */,
				05EB7DFE1C854AC4003FD90A /* GITText2Tests */,
				05EB7E091C854AC4003FD90A /* GITText2UITests */,
			);
		};
/* End PBXProject section */

/* Begin PBXResourcesBuildPhase section */
		05EB7DE41C854AC4003FD90A /* Resources */ = {
			isa = PBXResourcesBuildPhase;
			buildActionMask = 2147483647;
			files = (
				05EB7DF91C854AC4003FD90A /* LaunchScreen.storyboard in Resources */,
				05EB7DF61C854AC4003FD90A /* Assets.xcassets in Resources */,
				05EB7DF41C854AC4003FD90A /* Main.storyboard in Resources */,
			);
			runOnlyForDeploymentPostprocessing = 0;
		};
		05EB7DFD1C854AC4003FD90A /* Resources */ = {
			isa = PBXResourcesBuildPhase;
			buildActionMask = 2147483647;
			files = (
			);
			runOnlyForDeploymentPostprocessing = 0;
		};
		05EB7E081C854AC4003FD90A /* Resources */ = {
			isa = PBXResourcesBuildPhase;
			buildActionMask = 2147483647;
			files = (
			);
			runOnlyForDeploymentPostprocessing = 0;
		};
/* End PBXResourcesBuildPhase section */

/* Begin PBXSourcesBuildPhase section */
		05EB7DE21C854AC4003FD90A /* Sources */ = {
			isa = PBXSourcesBuildPhase;
			buildActionMask = 2147483647;
			files = (
				05EB7DF11C854AC4003FD90A /* ViewController.m in Sources */,
				05EB7DEE1C854AC4003FD90A /* AppDelegate.m in Sources */,
				05EB7DEB1C854AC4003FD90A /* main.m in Sources */,
			);
			runOnlyForDeploymentPostprocessing = 0;
		};
		05EB7DFB1C854AC4003FD90A /* Sources */ = {
			isa = PBXSourcesBuildPhase;
			buildActionMask = 2147483647;
			files = (
				05EB7E041C854AC4003FD90A /* GITText2Tests.m in Sources */,
			);
			runOnlyForDeploymentPostprocessing = 0;
		};
		05EB7E061C854AC4003FD90A /* Sources */ = {
			isa = PBXSourcesBuildPhase;
			buildActionMask = 2147483647;
			files = (
				05EB7E0F1C854AC4003FD90A /* GITText2UITests.m in Sources */,
			);
			runOnlyForDeploymentPostprocessing = 0;
		};
/* End PBXSourcesBuildPhase section */

/* Begin PBXTargetDependency section */
		05EB7E011C854AC4003FD90A /* PBXTargetDependency */ = {
			isa = PBXTargetDependency;
			target = 05EB7DE51C854AC4003FD90A /* GITText2 */;
			targetProxy = 05EB7E001C854AC4003FD90A /* PBXContainerItemProxy */;
		};
		05EB7E0C1C854AC4003FD90A /* PBXTargetDependency */ = {
			isa = PBXTargetDependency;
			target = 05EB7DE51C854AC4003FD90A /* GITText2 */;
			targetProxy = 05EB7E0B1C854AC4003FD90A /* PBXContainerItemProxy */;
		};
/* End PBXTargetDependency section */

/* Begin PBXVariantGroup section */
		05EB7DF21C854AC4003FD90A /* Main.storyboard */ = {
			isa = PBXVariantGroup;
			children = (
				05EB7DF31C854AC4003FD90A /* Base */,
			);
			name = Main.storyboard;
			sourceTree = "<group>";
		};
		05EB7DF71C854AC4003FD90A /* LaunchScreen.storyboard */ = {
			isa = PBXVariantGroup;
			children = (
				05EB7DF81C854AC4003FD90A /* Base */,
			);
			name = LaunchScreen.storyboard;
			sourceTree = "<group>";
		};
/* End PBXVariantGroup section */

/* Begin XCBuildConfiguration section */
		05EB7E111C854AC4003FD90A /* Debug */ = {
			isa = XCBuildConfiguration;
			buildSettings = {
				ALWAYS_SEARCH_USER_PATHS = NO;
				CLANG_CXX_LANGUAGE_STANDARD = "gnu++0x";
				CLANG_CXX_LIBRARY = "libc++";
				CLANG_ENABLE_MODULES = YES;
				CLANG_ENABLE_OBJC_ARC = YES;
				CLANG_WARN_BOOL_CONVERSION = YES;
				CLANG_WARN_CONSTANT_CONVERSION = YES;
				CLANG_WARN_DIRECT_OBJC_ISA_USAGE = YES_ERROR;
				CLANG_WARN_EMPTY_BODY = YES;
				CLANG_WARN_ENUM_CONVERSION = YES;
				CLANG_WARN_INT_CONVERSION = YES;
				CLANG_WARN_OBJC_ROOT_CLASS = YES_ERROR;
				CLANG_WARN_UNREACHABLE_CODE = YES;
				CLANG_WARN__DUPLICATE_METHOD_MATCH = YES;
				"CODE_SIGN_IDENTITY[sdk=iphoneos*]" = "iPhone Developer";
				COPY_PHASE_STRIP = NO;
				DEBUG_INFORMATION_FORMAT = dwarf;
				ENABLE_STRICT_OBJC_MSGSEND = YES;
				ENABLE_TESTABILITY = YES;
				GCC_C_LANGUAGE_STANDARD = gnu99;
				GCC_DYNAMIC_NO_PIC = NO;
				GCC_NO_COMMON_BLOCKS = YES;
				GCC_OPTIMIZATION_LEVEL = 0;
				GCC_PREPROCESSOR_DEFINITIONS = (
					"DEBUG=1",
					"$(inherited)",
				);
				GCC_WARN_64_TO_32_BIT_CONVERSION = YES;
				GCC_WARN_ABOUT_RETURN_TYPE = YES_ERROR;
				GCC_WARN_UNDECLARED_SELECTOR = YES;
				GCC_WARN_UNINITIALIZED_AUTOS = YES_AGGRESSIVE;
				GCC_WARN_UNUSED_FUNCTION = YES;
				GCC_WARN_UNUSED_VARIABLE = YES;
				IPHONEOS_DEPLOYMENT_TARGET = 9.2;
				MTL_ENABLE_DEBUG_INFO = YES;
				ONLY_ACTIVE_ARCH = YES;
				SDKROOT = iphoneos;
			};
			name = Debug;
		};
		05EB7E121C854AC4003FD90A /* Release */ = {
			isa = XCBuildConfiguration;
			buildSettings = {
				ALWAYS_SEARCH_USER_PATHS = NO;
				CLANG_CXX_LANGUAGE_STANDARD = "gnu++0x";
				CLANG_CXX_LIBRARY = "libc++";
				CLANG_ENABLE_MODULES = YES;
				CLANG_ENABLE_OBJC_ARC = YES;
				CLANG_WARN_BOOL_CONVERSION = YES;
				CLANG_WARN_CONSTANT_CONVERSION = YES;
				CLANG_WARN_DIRECT_OBJC_ISA_USAGE = YES_ERROR;
				CLANG_WARN_EMPTY_BODY = YES;
				CLANG_WARN_ENUM_CONVERSION = YES;
				CLANG_WARN_INT_CONVERSION = YES;
				CLANG_WARN_OBJC_ROOT_CLASS = YES_ERROR;
				CLANG_WARN_UNREACHABLE_CODE = YES;
				CLANG_WARN__DUPLICATE_METHOD_MATCH = YES;
				"CODE_SIGN_IDENTITY[sdk=iphoneos*]" = "iPhone Developer";
				COPY_PHASE_STRIP = NO;
				DEBUG_INFORMATION_FORMAT = "dwarf-with-dsym";
				ENABLE_NS_ASSERTIONS = NO;
				ENABLE_STRICT_OBJC_MSGSEND = YES;
				GCC_C_LANGUAGE_STANDARD = gnu99;
				GCC_NO_COMMON_BLOCKS = YES;
				GCC_WARN_64_TO_32_BIT_CONVERSION = YES;
				GCC_WARN_ABOUT_RETURN_TYPE = YES_ERROR;
				GCC_WARN_UNDECLARED_SELECTOR = YES;
				GCC_WARN_UNINITIALIZED_AUTOS = YES_AGGRESSIVE;
				GCC_WARN_UNUSED_FUNCTION = YES;
				GCC_WARN_UNUSED_VARIABLE = YES;
				IPHONEOS_DEPLOYMENT_TARGET = 9.2;
				MTL_ENABLE_DEBUG_INFO = NO;
				SDKROOT = iphoneos;
				VALIDATE_PRODUCT = YES;
			};
			name = Release;
		};
		05EB7E141C854AC4003FD90A /* Debug */ = {
			isa = XCBuildConfiguration;
			buildSettings = {
				ASSETCATALOG_COMPILER_APPICON_NAME = AppIcon;
				INFOPLIST_FILE = GITText2/Info.plist;
				LD_RUNPATH_SEARCH_PATHS = "$(inherited) @executable_path/Frameworks";
				PRODUCT_BUNDLE_IDENTIFIER = storyBoard.GITText2;
				PRODUCT_NAME = "$(TARGET_NAME)";
			};
			name = Debug;
		};
		05EB7E151C854AC4003FD90A /* Release */ = {
			isa = XCBuildConfiguration;
			buildSettings = {
				ASSETCATALOG_COMPILER_APPICON_NAME = AppIcon;
				INFOPLIST_FILE = GITText2/Info.plist;
				LD_RUNPATH_SEARCH_PATHS = "$(inherited) @executable_path/Frameworks";
				PRODUCT_BUNDLE_IDENTIFIER = storyBoard.GITText2;
				PRODUCT_NAME = "$(TARGET_NAME)";
			};
			name = Release;
		};
		05EB7E171C854AC4003FD90A /* Debug */ = {
			isa = XCBuildConfiguration;
			buildSettings = {
				BUNDLE_LOADER = "$(TEST_HOST)";
				INFOPLIST_FILE = GITText2Tests/Info.plist;
				LD_RUNPATH_SEARCH_PATHS = "$(inherited) @executable_path/Frameworks @loader_path/Frameworks";
				PRODUCT_BUNDLE_IDENTIFIER = storyBoard.GITText2Tests;
				PRODUCT_NAME = "$(TARGET_NAME)";
				TEST_HOST = "$(BUILT_PRODUCTS_DIR)/GITText2.app/GITText2";
			};
			name = Debug;
		};
		05EB7E181C854AC4003FD90A /* Release */ = {
			isa = XCBuildConfiguration;
			buildSettings = {
				BUNDLE_LOADER = "$(TEST_HOST)";
				INFOPLIST_FILE = GITText2Tests/Info.plist;
				LD_RUNPATH_SEARCH_PATHS = "$(inherited) @executable_path/Frameworks @loader_path/Frameworks";
				PRODUCT_BUNDLE_IDENTIFIER = storyBoard.GITText2Tests;
				PRODUCT_NAME = "$(TARGET_NAME)";
				TEST_HOST = "$(BUILT_PRODUCTS_DIR)/GITText2.app/GITText2";
			};
			name = Release;
		};
		05EB7E1A1C854AC4003FD90A /* Debug */ = {
			isa = XCBuildConfiguration;
			buildSettings = {
				INFOPLIST_FILE = GITText2UITests/Info.plist;
				LD_RUNPATH_SEARCH_PATHS = "$(inherited) @executable_path/Frameworks @loader_path/Frameworks";
				PRODUCT_BUNDLE_IDENTIFIER = storyBoard.GITText2UITests;
				PRODUCT_NAME = "$(TARGET_NAME)";
				TEST_TARGET_NAME = GITText2;
				USES_XCTRUNNER = YES;
			};
			name = Debug;
		};
		05EB7E1B1C854AC4003FD90A /* Release */ = {
			isa = XCBuildConfiguration;
			buildSettings = {
				INFOPLIST_FILE = GITText2UITests/Info.plist;
				LD_RUNPATH_SEARCH_PATHS = "$(inherited) @executable_path/Frameworks @loader_path/Frameworks";
				PRODUCT_BUNDLE_IDENTIFIER = storyBoard.GITText2UITests;
				PRODUCT_NAME = "$(TARGET_NAME)";
				TEST_TARGET_NAME = GITText2;
				USES_XCTRUNNER = YES;
			};
			name = Release;
		};
/* End XCBuildConfiguration section */

/* Begin XCConfigurationList section */
		05EB7DE11C854AC4003FD90A /* Build configuration list for PBXProject "GITText2" */ = {
			isa = XCConfigurationList;
			buildConfigurations = (
				05EB7E111C854AC4003FD90A /* Debug */,
				05EB7E121C854AC4003FD90A /* Release */,
			);
			defaultConfigurationIsVisible = 0;
			defaultConfigurationName = Release;
		};
		05EB7E131C854AC4003FD90A /* Build configuration list for PBXNativeTarget "GITText2" */ = {
			isa = XCConfigurationList;
			buildConfigurations = (
				05EB7E141C854AC4003FD90A /* Debug */,
				05EB7E151C854AC4003FD90A /* Release */,
			);
			defaultConfigurationIsVisible = 0;
		};
		05EB7E161C854AC4003FD90A /* Build configuration list for PBXNativeTarget "GITText2Tests" */ = {
			isa = XCConfigurationList;
			buildConfigurations = (
				05EB7E171C854AC4003FD90A /* Debug */,
				05EB7E181C854AC4003FD90A /* Release */,
			);
			defaultConfigurationIsVisible = 0;
		};
		05EB7E191C854AC4003FD90A /* Build configuration list for PBXNativeTarget "GITText2UITests" */ = {
			isa = XCConfigurationList;
			buildConfigurations = (
				05EB7E1A1C854AC4003FD90A /* Debug */,
				05EB7E1B1C854AC4003FD90A /* Release */,
			);
			defaultConfigurationIsVisible = 0;
		};
/* End XCConfigurationList section */
	};
	rootObject = 05EB7DDE1C854AC4003FD90A /* Project object */;
}
